
Microsoft Visual Studio Solution File, Format Version 12.00
# Visual Studio Version 17
VisualStudioVersion = 17.7.34031.279
MinimumVisualStudioVersion = 10.0.40219.1
Project("{9A19103F-16F7-4668-BE54-9A1E7A4F7556}") = "Aura.PracticalTask", "Aura.Task\Aura.PracticalTask.csproj", "{208DAA7B-42D1-4FE2-8F88-AC9BF1100FD3}"
EndProject
Global
	GlobalSection(SolutionConfigurationPlatforms) = preSolution
		Debug|Any CPU = Debug|Any CPU
		Release|Any CPU = Release|Any CPU
	EndGlobalSection
	GlobalSection(ProjectConfigurationPlatforms) = postSolution
		{208DAA7B-42D1-4FE2-8F88-AC9BF1100FD3}.Debug|Any CPU.ActiveCfg = Debug|Any CPU
		{208DAA7B-42D1-4FE2-8F88-AC9BF1100FD3}.Debug|Any CPU.Build.0 = Debug|Any CPU
		{208DAA7B-42D1-4FE2-8F88-AC9BF1100FD3}.Release|Any CPU.ActiveCfg = Release|Any CPU
		{208DAA7B-42D1-4FE2-8F88-AC9BF1100FD3}.Release|Any CPU.Build.0 = Release|Any CPU
	EndGlobalSection
	GlobalSection(SolutionProperties) = preSolution
		HideSolutionNode = FALSE
	EndGlobalSection
	GlobalSection(ExtensibilityGlobals) = postSolution
		SolutionGuid = {80642F74-7CAD-4AF3-8219-8AAFA7AFDB14}
	EndGlobalSection
EndGlobal
